// !$*UTF8*$!
{
	archiveVersion = 1;
	classes = {
	};
	objectVersion = 77;
	objects = {

/* Begin PBXBuildFile section */
		D6FE7CC52DB4DEEC0043F099 /* GoogleService-Info.plist in Resources */ = {isa = PBXBuildFile; fileRef = D6FE7CC42DB4DEEC0043F099 /* GoogleService-Info.plist */; };
		D6FE7D382DB4EECD0043F099 /* FirebaseAnalytics in Frameworks */ = {isa = PBXBuildFile; productRef = D6FE7D372DB4EECD0043F099 /* FirebaseAnalytics */; };
		D6FE7D3A2DB4EECD0043F099 /* FirebaseAnalyticsOnDeviceConversion in Frameworks */ = {isa = PBXBuildFile; productRef = D6FE7D392DB4EECD0043F099 /* FirebaseAnalyticsOnDeviceConversion */; };
		D6FE7D3C2DB4EECD0043F099 /* FirebaseAnalyticsWithoutAdIdSupport in Frameworks */ = {isa = PBXBuildFile; productRef = D6FE7D3B2DB4EECD0043F099 /* FirebaseAnalyticsWithoutAdIdSupport */; };
		D6FE7D3E2DB4EECD0043F099 /* FirebaseAppCheck in Frameworks */ = {isa = PBXBuildFile; productRef = D6FE7D3D2DB4EECD0043F099 /* FirebaseAppCheck */; };
		D6FE7D402DB4EECD0043F099 /* FirebaseAppDistribution-Beta in Frameworks */ = {isa = PBXBuildFile; productRef = D6FE7D3F2DB4EECD0043F099 /* FirebaseAppDistribution-Beta */; };
		D6FE7D422DB4EECD0043F099 /* FirebaseAuth in Frameworks */ = {isa = PBXBuildFile; productRef = D6FE7D412DB4EECD0043F099 /* FirebaseAuth */; };
		D6FE7D442DB4EECD0043F099 /* FirebaseAuthCombine-Community in Frameworks */ = {isa = PBXBuildFile; productRef = D6FE7D432DB4EECD0043F099 /* FirebaseAuthCombine-Community */; };
		D6FE7D462DB4EECD0043F099 /* FirebaseCore in Frameworks */ = {isa = PBXBuildFile; productRef = D6FE7D452DB4EECD0043F099 /* FirebaseCore */; };
		D6FE7D482DB4EECD0043F099 /* FirebaseCrashlytics in Frameworks */ = {isa = PBXBuildFile; productRef = D6FE7D472DB4EECD0043F099 /* FirebaseCrashlytics */; };
		D6FE7D4A2DB4EECD0043F099 /* FirebaseDatabase in Frameworks */ = {isa = PBXBuildFile; productRef = D6FE7D492DB4EECD0043F099 /* FirebaseDatabase */; };
		D6FE7D4C2DB4EECD0043F099 /* FirebaseDynamicLinks in Frameworks */ = {isa = PBXBuildFile; productRef = D6FE7D4B2DB4EECD0043F099 /* FirebaseDynamicLinks */; };
		D6FE7D4E2DB4EECD0043F099 /* FirebaseFirestore in Frameworks */ = {isa = PBXBuildFile; productRef = D6FE7D4D2DB4EECD0043F099 /* FirebaseFirestore */; };
		D6FE7D502DB4EECD0043F099 /* FirebaseFirestoreCombine-Community in Frameworks */ = {isa = PBXBuildFile; productRef = D6FE7D4F2DB4EECD0043F099 /* FirebaseFirestoreCombine-Community */; };
		D6FE7D522DB4EECD0043F099 /* FirebaseFunctions in Frameworks */ = {isa = PBXBuildFile; productRef = D6FE7D512DB4EECD0043F099 /* FirebaseFunctions */; };
		D6FE7D542DB4EECD0043F099 /* FirebaseFunctionsCombine-Community in Frameworks */ = {isa = PBXBuildFile; productRef = D6FE7D532DB4EECD0043F099 /* FirebaseFunctionsCombine-Community */; };
		D6FE7D562DB4EECD0043F099 /* FirebaseInAppMessaging-Beta in Frameworks */ = {isa = PBXBuildFile; productRef = D6FE7D552DB4EECD0043F099 /* FirebaseInAppMessaging-Beta */; };
		D6FE7D582DB4EECD0043F099 /* FirebaseInstallations in Frameworks */ = {isa = PBXBuildFile; productRef = D6FE7D572DB4EECD0043F099 /* FirebaseInstallations */; };
		D6FE7D5A2DB4EECD0043F099 /* FirebaseMLModelDownloader in Frameworks */ = {isa = PBXBuildFile; productRef = D6FE7D592DB4EECD0043F099 /* FirebaseMLModelDownloader */; };
		D6FE7D5C2DB4EECD0043F099 /* FirebaseMessaging in Frameworks */ = {isa = PBXBuildFile; productRef = D6FE7D5B2DB4EECD0043F099 /* FirebaseMessaging */; };
		D6FE7D5E2DB4EECD0043F099 /* FirebasePerformance in Frameworks */ = {isa = PBXBuildFile; productRef = D6FE7D5D2DB4EECD0043F099 /* FirebasePerformance */; };
		D6FE7D602DB4EECD0043F099 /* FirebaseRemoteConfig in Frameworks */ = {isa = PBXBuildFile; productRef = D6FE7D5F2DB4EECD0043F099 /* FirebaseRemoteConfig */; };
		D6FE7D622DB4EECD0043F099 /* FirebaseStorage in Frameworks */ = {isa = PBXBuildFile; productRef = D6FE7D612DB4EECD0043F099 /* FirebaseStorage */; };
		D6FE7D642DB4EECD0043F099 /* FirebaseStorageCombine-Community in Frameworks */ = {isa = PBXBuildFile; productRef = D6FE7D632DB4EECD0043F099 /* FirebaseStorageCombine-Community */; };
		D6FE7D662DB4EECD0043F099 /* FirebaseVertexAI in Frameworks */ = {isa = PBXBuildFile; productRef = D6FE7D652DB4EECD0043F099 /* FirebaseVertexAI */; };
/* End PBXBuildFile section */

/* Begin PBXContainerItemProxy section */
		D6FE7CA42DB4DAC60043F099 /* PBXContainerItemProxy */ = {
			isa = PBXContainerItemProxy;
			containerPortal = D6FE7C8B2DB4DAC50043F099 /* Project object */;
			proxyType = 1;
			remoteGlobalIDString = D6FE7C922DB4DAC50043F099;
			remoteInfo = TrackMed;
		};
		D6FE7CAE2DB4DAC60043F099 /* PBXContainerItemProxy */ = {
			isa = PBXContainerItemProxy;
			containerPortal = D6FE7C8B2DB4DAC50043F099 /* Project object */;
			proxyType = 1;
			remoteGlobalIDString = D6FE7C922DB4DAC50043F099;
			remoteInfo = TrackMed;
		};
/* End PBXContainerItemProxy section */

/* Begin PBXFileReference section */
		D6FE7C932DB4DAC50043F099 /* TrackMed.app */ = {isa = PBXFileReference; explicitFileType = wrapper.application; includeInIndex = 0; path = TrackMed.app; sourceTree = BUILT_PRODUCTS_DIR; };
		D6FE7CA32DB4DAC60043F099 /* TrackMedTests.xctest */ = {isa = PBXFileReference; explicitFileType = wrapper.cfbundle; includeInIndex = 0; path = TrackMedTests.xctest; sourceTree = BUILT_PRODUCTS_DIR; };
		D6FE7CAD2DB4DAC60043F099 /* TrackMedUITests.xctest */ = {isa = PBXFileReference; explicitFileType = wrapper.cfbundle; includeInIndex = 0; path = TrackMedUITests.xctest; sourceTree = BUILT_PRODUCTS_DIR; };
		D6FE7CC42DB4DEEC0043F099 /* GoogleService-Info.plist */ = {isa = PBXFileReference; lastKnownFileType = text.plist.xml; path = "GoogleService-Info.plist"; sourceTree = "<group>"; };
/* End PBXFileReference section */

/* Begin PBXFileSystemSynchronizedBuildFileExceptionSet section */
		D64FBA562DB6794900F533F2 /* Exceptions for "TrackMed" folder in "TrackMed" target */ = {
			isa = PBXFileSystemSynchronizedBuildFileExceptionSet;
			membershipExceptions = (
				Info.plist,
			);
			target = D6FE7C922DB4DAC50043F099 /* TrackMed */;
		};
/* End PBXFileSystemSynchronizedBuildFileExceptionSet section */

/* Begin PBXFileSystemSynchronizedRootGroup section */
		D6FE7C952DB4DAC50043F099 /* TrackMed */ = {
			isa = PBXFileSystemSynchronizedRootGroup;
			exceptions = (
				D64FBA562DB6794900F533F2 /* Exceptions for "TrackMed" folder in "TrackMed" target */,
			);
			path = TrackMed;
			sourceTree = "<group>";
		};
		D6FE7CA62DB4DAC60043F099 /* TrackMedTests */ = {
			isa = PBXFileSystemSynchronizedRootGroup;
			path = TrackMedTests;
			sourceTree = "<group>";
		};
		D6FE7CB02DB4DAC60043F099 /* TrackMedUITests */ = {
			isa = PBXFileSystemSynchronizedRootGroup;
			path = TrackMedUITests;
			sourceTree = "<group>";
		};
/* End PBXFileSystemSynchronizedRootGroup section */

/* Begin PBXFrameworksBuildPhase section */
		D6FE7C902DB4DAC50043F099 /* Frameworks */ = {
			isa = PBXFrameworksBuildPhase;
			buildActionMask = 2147483647;
			files = (
				D6FE7D502DB4EECD0043F099 /* FirebaseFirestoreCombine-Community in Frameworks */,
				D6FE7D662DB4EECD0043F099 /* FirebaseVertexAI in Frameworks */,
				D6FE7D522DB4EECD0043F099 /* FirebaseFunctions in Frameworks */,
				D6FE7D5E2DB4EECD0043F099 /* FirebasePerformance in Frameworks */,
				D6FE7D642DB4EECD0043F099 /* FirebaseStorageCombine-Community in Frameworks */,
				D6FE7D602DB4EECD0043F099 /* FirebaseRemoteConfig in Frameworks */,
				D6FE7D4A2DB4EECD0043F099 /* FirebaseDatabase in Frameworks */,
				D6FE7D4C2DB4EECD0043F099 /* FirebaseDynamicLinks in Frameworks */,
				D6FE7D3E2DB4EECD0043F099 /* FirebaseAppCheck in Frameworks */,
				D6FE7D422DB4EECD0043F099 /* FirebaseAuth in Frameworks */,
				D6FE7D382DB4EECD0043F099 /* FirebaseAnalytics in Frameworks */,
				D6FE7D4E2DB4EECD0043F099 /* FirebaseFirestore in Frameworks */,
				D6FE7D5C2DB4EECD0043F099 /* FirebaseMessaging in Frameworks */,
				D6FE7D582DB4EECD0043F099 /* FirebaseInstallations in Frameworks */,
				D6FE7D542DB4EECD0043F099 /* FirebaseFunctionsCombine-Community in Frameworks */,
				D6FE7D402DB4EECD0043F099 /* FirebaseAppDistribution-Beta in Frameworks */,
				D6FE7D3C2DB4EECD0043F099 /* FirebaseAnalyticsWithoutAdIdSupport in Frameworks */,
				D6FE7D562DB4EECD0043F099 /* FirebaseInAppMessaging-Beta in Frameworks */,
				D6FE7D442DB4EECD0043F099 /* FirebaseAuthCombine-Community in Frameworks */,
				D6FE7D482DB4EECD0043F099 /* FirebaseCrashlytics in Frameworks */,
				D6FE7D5A2DB4EECD0043F099 /* FirebaseMLModelDownloader in Frameworks */,
				D6FE7D622DB4EECD0043F099 /* FirebaseStorage in Frameworks */,
				D6FE7D462DB4EECD0043F099 /* FirebaseCore in Frameworks */,
				D6FE7D3A2DB4EECD0043F099 /* FirebaseAnalyticsOnDeviceConversion in Frameworks */,
			);
			runOnlyForDeploymentPostprocessing = 0;
		};
		D6FE7CA02DB4DAC60043F099 /* Frameworks */ = {
			isa = PBXFrameworksBuildPhase;
			buildActionMask = 2147483647;
			files = (
			);
			runOnlyForDeploymentPostprocessing = 0;
		};
		D6FE7CAA2DB4DAC60043F099 /* Frameworks */ = {
			isa = PBXFrameworksBuildPhase;
			buildActionMask = 2147483647;
			files = (
			);
			runOnlyForDeploymentPostprocessing = 0;
		};
/* End PBXFrameworksBuildPhase section */

/* Begin PBXGroup section */
		D6FE7C8A2DB4DAC50043F099 = {
			isa = PBXGroup;
			children = (
				D6FE7C952DB4DAC50043F099 /* TrackMed */,
				D6FE7CA62DB4DAC60043F099 /* TrackMedTests */,
				D6FE7CB02DB4DAC60043F099 /* TrackMedUITests */,
				D6FE7C942DB4DAC50043F099 /* Products */,
				D6FE7CC42DB4DEEC0043F099 /* GoogleService-Info.plist */,
			);
			sourceTree = "<group>";
		};
		D6FE7C942DB4DAC50043F099 /* Products */ = {
			isa = PBXGroup;
			children = (
				D6FE7C932DB4DAC50043F099 /* TrackMed.app */,
				D6FE7CA32DB4DAC60043F099 /* TrackMedTests.xctest */,
				D6FE7CAD2DB4DAC60043F099 /* TrackMedUITests.xctest */,
			);
			name = Products;
			sourceTree = "<group>";
		};
/* End PBXGroup section */

/* Begin PBXNativeTarget section */
		D6FE7C922DB4DAC50043F099 /* TrackMed */ = {
			isa = PBXNativeTarget;
			buildConfigurationList = D6FE7CB72DB4DAC60043F099 /* Build configuration list for PBXNativeTarget "TrackMed" */;
			buildPhases = (
				D6FE7C8F2DB4DAC50043F099 /* Sources */,
				D6FE7C902DB4DAC50043F099 /* Frameworks */,
				D6FE7C912DB4DAC50043F099 /* Resources */,
			);
			buildRules = (
			);
			dependencies = (
			);
			fileSystemSynchronizedGroups = (
				D6FE7C952DB4DAC50043F099 /* TrackMed */,
			);
			name = TrackMed;
			packageProductDependencies = (
				D6FE7D372DB4EECD0043F099 /* FirebaseAnalytics */,
				D6FE7D392DB4EECD0043F099 /* FirebaseAnalyticsOnDeviceConversion */,
				D6FE7D3B2DB4EECD0043F099 /* FirebaseAnalyticsWithoutAdIdSupport */,
				D6FE7D3D2DB4EECD0043F099 /* FirebaseAppCheck */,
				D6FE7D3F2DB4EECD0043F099 /* FirebaseAppDistribution-Beta */,
				D6FE7D412DB4EECD0043F099 /* FirebaseAuth */,
				D6FE7D432DB4EECD0043F099 /* FirebaseAuthCombine-Community */,
				D6FE7D452DB4EECD0043F099 /* FirebaseCore */,
				D6FE7D472DB4EECD0043F099 /* FirebaseCrashlytics */,
				D6FE7D492DB4EECD0043F099 /* FirebaseDatabase */,
				D6FE7D4B2DB4EECD0043F099 /* FirebaseDynamicLinks */,
				D6FE7D4D2DB4EECD0043F099 /* FirebaseFirestore */,
				D6FE7D4F2DB4EECD0043F099 /* FirebaseFirestoreCombine-Community */,
				D6FE7D512DB4EECD0043F099 /* FirebaseFunctions */,
				D6FE7D532DB4EECD0043F099 /* FirebaseFunctionsCombine-Community */,
				D6FE7D552DB4EECD0043F099 /* FirebaseInAppMessaging-Beta */,
				D6FE7D572DB4EECD0043F099 /* FirebaseInstallations */,
				D6FE7D592DB4EECD0043F099 /* FirebaseMLModelDownloader */,
				D6FE7D5B2DB4EECD0043F099 /* FirebaseMessaging */,
				D6FE7D5D2DB4EECD0043F099 /* FirebasePerformance */,
				D6FE7D5F2DB4EECD0043F099 /* FirebaseRemoteConfig */,
				D6FE7D612DB4EECD0043F099 /* FirebaseStorage */,
				D6FE7D632DB4EECD0043F099 /* FirebaseStorageCombine-Community */,
				D6FE7D652DB4EECD0043F099 /* FirebaseVertexAI */,
			);
			productName = TrackMed;
			productReference = D6FE7C932DB4DAC50043F099 /* TrackMed.app */;
			productType = "com.apple.product-type.application";
		};
		D6FE7CA22DB4DAC60043F099 /* TrackMedTests */ = {
			isa = PBXNativeTarget;
			buildConfigurationList = D6FE7CBA2DB4DAC60043F099 /* Build configuration list for PBXNativeTarget "TrackMedTests" */;
			buildPhases = (
				D6FE7C9F2DB4DAC60043F099 /* Sources */,
				D6FE7CA02DB4DAC60043F099 /* Frameworks */,
				D6FE7CA12DB4DAC60043F099 /* Resources */,
			);
			buildRules = (
			);
			dependencies = (
				D6FE7CA52DB4DAC60043F099 /* PBXTargetDependency */,
			);
			fileSystemSynchronizedGroups = (
				D6FE7CA62DB4DAC60043F099 /* TrackMedTests */,
			);
			name = TrackMedTests;
			packageProductDependencies = (
			);
			productName = TrackMedTests;
			productReference = D6FE7CA32DB4DAC60043F099 /* TrackMedTests.xctest */;
			productType = "com.apple.product-type.bundle.unit-test";
		};
		D6FE7CAC2DB4DAC60043F099 /* TrackMedUITests */ = {
			isa = PBXNativeTarget;
			buildConfigurationList = D6FE7CBD2DB4DAC60043F099 /* Build configuration list for PBXNativeTarget "TrackMedUITests" */;
			buildPhases = (
				D6FE7CA92DB4DAC60043F099 /* Sources */,
				D6FE7CAA2DB4DAC60043F099 /* Frameworks */,
				D6FE7CAB2DB4DAC60043F099 /* Resources */,
			);
			buildRules = (
			);
			dependencies = (
				D6FE7CAF2DB4DAC60043F099 /* PBXTargetDependency */,
			);
			fileSystemSynchronizedGroups = (
				D6FE7CB02DB4DAC60043F099 /* TrackMedUITests */,
			);
			name = TrackMedUITests;
			packageProductDependencies = (
			);
			productName = TrackMedUITests;
			productReference = D6FE7CAD2DB4DAC60043F099 /* TrackMedUITests.xctest */;
			productType = "com.apple.product-type.bundle.ui-testing";
		};
/* End PBXNativeTarget section */

/* Begin PBXProject section */
		D6FE7C8B2DB4DAC50043F099 /* Project object */ = {
			isa = PBXProject;
			attributes = {
				BuildIndependentTargetsInParallel = 1;
				LastSwiftUpdateCheck = 1620;
				LastUpgradeCheck = 1620;
				TargetAttributes = {
					D6FE7C922DB4DAC50043F099 = {
						CreatedOnToolsVersion = 16.2;
					};
					D6FE7CA22DB4DAC60043F099 = {
						CreatedOnToolsVersion = 16.2;
						TestTargetID = D6FE7C922DB4DAC50043F099;
					};
					D6FE7CAC2DB4DAC60043F099 = {
						CreatedOnToolsVersion = 16.2;
						TestTargetID = D6FE7C922DB4DAC50043F099;
					};
				};
			};
			buildConfigurationList = D6FE7C8E2DB4DAC50043F099 /* Build configuration list for PBXProject "TrackMed" */;
			developmentRegion = en;
			hasScannedForEncodings = 0;
			knownRegions = (
				en,
				Base,
			);
			mainGroup = D6FE7C8A2DB4DAC50043F099;
			minimizedProjectReferenceProxies = 1;
			packageReferences = (
				D6FE7CC62DB4E0640043F099 /* XCRemoteSwiftPackageReference "firebase-ios-sdk" */,
			);
			preferredProjectObjectVersion = 77;
			productRefGroup = D6FE7C942DB4DAC50043F099 /* Products */;
			projectDirPath = "";
			projectRoot = "";
			targets = (
				D6FE7C922DB4DAC50043F099 /* TrackMed */,
				D6FE7CA22DB4DAC60043F099 /* TrackMedTests */,
				D6FE7CAC2DB4DAC60043F099 /* TrackMedUITests */,
			);
		};
/* End PBXProject section */

/* Begin PBXResourcesBuildPhase section */
		D6FE7C912DB4DAC50043F099 /* Resources */ = {
			isa = PBXResourcesBuildPhase;
			buildActionMask = 2147483647;
			files = (
				D6FE7CC52DB4DEEC0043F099 /* GoogleService-Info.plist in Resources */,
			);
			runOnlyForDeploymentPostprocessing = 0;
		};
		D6FE7CA12DB4DAC60043F099 /* Resources */ = {
			isa = PBXResourcesBuildPhase;
			buildActionMask = 2147483647;
			files = (
			);
			runOnlyForDeploymentPostprocessing = 0;
		};
		D6FE7CAB2DB4DAC60043F099 /* Resources */ = {
			isa = PBXResourcesBuildPhase;
			buildActionMask = 2147483647;
			files = (
			);
			runOnlyForDeploymentPostprocessing = 0;
		};
/* End PBXResourcesBuildPhase section */

/* Begin PBXSourcesBuildPhase section */
		D6FE7C8F2DB4DAC50043F099 /* Sources */ = {
			isa = PBXSourcesBuildPhase;
			buildActionMask = 2147483647;
			files = (
			);
			runOnlyForDeploymentPostprocessing = 0;
		};
		D6FE7C9F2DB4DAC60043F099 /* Sources */ = {
			isa = PBXSourcesBuildPhase;
			buildActionMask = 2147483647;
			files = (
			);
			runOnlyForDeploymentPostprocessing = 0;
		};
		D6FE7CA92DB4DAC60043F099 /* Sources */ = {
			isa = PBXSourcesBuildPhase;
			buildActionMask = 2147483647;
			files = (
			);
			runOnlyForDeploymentPostprocessing = 0;
		};
/* End PBXSourcesBuildPhase section */

/* Begin PBXTargetDependency section */
		D6FE7CA52DB4DAC60043F099 /* PBXTargetDependency */ = {
			isa = PBXTargetDependency;
			target = D6FE7C922DB4DAC50043F099 /* TrackMed */;
			targetProxy = D6FE7CA42DB4DAC60043F099 /* PBXContainerItemProxy */;
		};
		D6FE7CAF2DB4DAC60043F099 /* PBXTargetDependency */ = {
			isa = PBXTargetDependency;
			target = D6FE7C922DB4DAC50043F099 /* TrackMed */;
			targetProxy = D6FE7CAE2DB4DAC60043F099 /* PBXContainerItemProxy */;
		};
/* End PBXTargetDependency section */

/* Begin XCBuildConfiguration section */
		D6FE7CB52DB4DAC60043F099 /* Debug */ = {
			isa = XCBuildConfiguration;
			buildSettings = {
				ALWAYS_SEARCH_USER_PATHS = NO;
				ASSETCATALOG_COMPILER_GENERATE_SWIFT_ASSET_SYMBOL_EXTENSIONS = YES;
				CLANG_ANALYZER_NONNULL = YES;
				CLANG_ANALYZER_NUMBER_OBJECT_CONVERSION = YES_AGGRESSIVE;
				CLANG_CXX_LANGUAGE_STANDARD = "gnu++20";
				CLANG_ENABLE_MODULES = YES;
				CLANG_ENABLE_OBJC_ARC = YES;
				CLANG_ENABLE_OBJC_WEAK = YES;
				CLANG_WARN_BLOCK_CAPTURE_AUTORELEASING = YES;
				CLANG_WARN_BOOL_CONVERSION = YES;
				CLANG_WARN_COMMA = YES;
				CLANG_WARN_CONSTANT_CONVERSION = YES;
				CLANG_WARN_DEPRECATED_OBJC_IMPLEMENTATIONS = YES;
				CLANG_WARN_DIRECT_OBJC_ISA_USAGE = YES_ERROR;
				CLANG_WARN_DOCUMENTATION_COMMENTS = YES;
				CLANG_WARN_EMPTY_BODY = YES;
				CLANG_WARN_ENUM_CONVERSION = YES;
				CLANG_WARN_INFINITE_RECURSION = YES;
				CLANG_WARN_INT_CONVERSION = YES;
				CLANG_WARN_NON_LITERAL_NULL_CONVERSION = YES;
				CLANG_WARN_OBJC_IMPLICIT_RETAIN_SELF = YES;
				CLANG_WARN_OBJC_LITERAL_CONVERSION = YES;
				CLANG_WARN_OBJC_ROOT_CLASS = YES_ERROR;
				CLANG_WARN_QUOTED_INCLUDE_IN_FRAMEWORK_HEADER = YES;
				CLANG_WARN_RANGE_LOOP_ANALYSIS = YES;
				CLANG_WARN_STRICT_PROTOTYPES = YES;
				CLANG_WARN_SUSPICIOUS_MOVE = YES;
				CLANG_WARN_UNGUARDED_AVAILABILITY = YES_AGGRESSIVE;
				CLANG_WARN_UNREACHABLE_CODE = YES;
				CLANG_WARN__DUPLICATE_METHOD_MATCH = YES;
				COPY_PHASE_STRIP = NO;
				DEBUG_INFORMATION_FORMAT = dwarf;
				ENABLE_STRICT_OBJC_MSGSEND = YES;
				ENABLE_TESTABILITY = YES;
				ENABLE_USER_SCRIPT_SANDBOXING = YES;
				GCC_C_LANGUAGE_STANDARD = gnu17;
				GCC_DYNAMIC_NO_PIC = NO;
				GCC_NO_COMMON_BLOCKS = YES;
				GCC_OPTIMIZATION_LEVEL = 0;
				GCC_PREPROCESSOR_DEFINITIONS = (
					"DEBUG=1",
					"$(inherited)",
				);
				GCC_WARN_64_TO_32_BIT_CONVERSION = YES;
				GCC_WARN_ABOUT_RETURN_TYPE = YES_ERROR;
				GCC_WARN_UNDECLARED_SELECTOR = YES;
				GCC_WARN_UNINITIALIZED_AUTOS = YES_AGGRESSIVE;
				GCC_WARN_UNUSED_FUNCTION = YES;
				GCC_WARN_UNUSED_VARIABLE = YES;
				IPHONEOS_DEPLOYMENT_TARGET = 18.2;
				LOCALIZATION_PREFERS_STRING_CATALOGS = YES;
				MTL_ENABLE_DEBUG_INFO = INCLUDE_SOURCE;
				MTL_FAST_MATH = YES;
				ONLY_ACTIVE_ARCH = YES;
				SDKROOT = iphoneos;
				SWIFT_ACTIVE_COMPILATION_CONDITIONS = "DEBUG $(inherited)";
				SWIFT_OPTIMIZATION_LEVEL = "-Onone";
			};
			name = Debug;
		};
		D6FE7CB62DB4DAC60043F099 /* Release */ = {
			isa = XCBuildConfiguration;
			buildSettings = {
				ALWAYS_SEARCH_USER_PATHS = NO;
				ASSETCATALOG_COMPILER_GENERATE_SWIFT_ASSET_SYMBOL_EXTENSIONS = YES;
				CLANG_ANALYZER_NONNULL = YES;
				CLANG_ANALYZER_NUMBER_OBJECT_CONVERSION = YES_AGGRESSIVE;
				CLANG_CXX_LANGUAGE_STANDARD = "gnu++20";
				CLANG_ENABLE_MODULES = YES;
				CLANG_ENABLE_OBJC_ARC = YES;
				CLANG_ENABLE_OBJC_WEAK = YES;
				CLANG_WARN_BLOCK_CAPTURE_AUTORELEASING = YES;
				CLANG_WARN_BOOL_CONVERSION = YES;
				CLANG_WARN_COMMA = YES;
				CLANG_WARN_CONSTANT_CONVERSION = YES;
				CLANG_WARN_DEPRECATED_OBJC_IMPLEMENTATIONS = YES;
				CLANG_WARN_DIRECT_OBJC_ISA_USAGE = YES_ERROR;
				CLANG_WARN_DOCUMENTATION_COMMENTS = YES;
				CLANG_WARN_EMPTY_BODY = YES;
				CLANG_WARN_ENUM_CONVERSION = YES;
				CLANG_WARN_INFINITE_RECURSION = YES;
				CLANG_WARN_INT_CONVERSION = YES;
				CLANG_WARN_NON_LITERAL_NULL_CONVERSION = YES;
				CLANG_WARN_OBJC_IMPLICIT_RETAIN_SELF = YES;
				CLANG_WARN_OBJC_LITERAL_CONVERSION = YES;
				CLANG_WARN_OBJC_ROOT_CLASS = YES_ERROR;
				CLANG_WARN_QUOTED_INCLUDE_IN_FRAMEWORK_HEADER = YES;
				CLANG_WARN_RANGE_LOOP_ANALYSIS = YES;
				CLANG_WARN_STRICT_PROTOTYPES = YES;
				CLANG_WARN_SUSPICIOUS_MOVE = YES;
				CLANG_WARN_UNGUARDED_AVAILABILITY = YES_AGGRESSIVE;
				CLANG_WARN_UNREACHABLE_CODE = YES;
				CLANG_WARN__DUPLICATE_METHOD_MATCH = YES;
				COPY_PHASE_STRIP = NO;
				DEBUG_INFORMATION_FORMAT = "dwarf-with-dsym";
				ENABLE_NS_ASSERTIONS = NO;
				ENABLE_STRICT_OBJC_MSGSEND = YES;
				ENABLE_USER_SCRIPT_SANDBOXING = YES;
				GCC_C_LANGUAGE_STANDARD = gnu17;
				GCC_NO_COMMON_BLOCKS = YES;
				GCC_WARN_64_TO_32_BIT_CONVERSION = YES;
				GCC_WARN_ABOUT_RETURN_TYPE = YES_ERROR;
				GCC_WARN_UNDECLARED_SELECTOR = YES;
				GCC_WARN_UNINITIALIZED_AUTOS = YES_AGGRESSIVE;
				GCC_WARN_UNUSED_FUNCTION = YES;
				GCC_WARN_UNUSED_VARIABLE = YES;
				IPHONEOS_DEPLOYMENT_TARGET = 18.2;
				LOCALIZATION_PREFERS_STRING_CATALOGS = YES;
				MTL_ENABLE_DEBUG_INFO = NO;
				MTL_FAST_MATH = YES;
				SDKROOT = iphoneos;
				SWIFT_COMPILATION_MODE = wholemodule;
				VALIDATE_PRODUCT = YES;
			};
			name = Release;
		};
		D6FE7CB82DB4DAC60043F099 /* Debug */ = {
			isa = XCBuildConfiguration;
			buildSettings = {
				ASSETCATALOG_COMPILER_APPICON_NAME = AppIcon;
				ASSETCATALOG_COMPILER_GLOBAL_ACCENT_COLOR_NAME = AccentColor;
				CODE_SIGN_ENTITLEMENTS = TrackMed/TrackMed.entitlements;
				CODE_SIGN_STYLE = Automatic;
				CURRENT_PROJECT_VERSION = 1;
				DEVELOPMENT_ASSET_PATHS = "\"TrackMed/Preview Content\"";
				ENABLE_PREVIEWS = YES;
				GENERATE_INFOPLIST_FILE = YES;
				INFOPLIST_FILE = TrackMed/Info.plist;
				INFOPLIST_KEY_CFBundleDisplayName = "";
				INFOPLIST_KEY_LSApplicationCategoryType = "";
				INFOPLIST_KEY_NSFaceIDUsageDescription = "We use Face ID to securely unlock your app data.";
				INFOPLIST_KEY_NSLocationAlwaysAndWhenInUseUsageDescription = "This allows us to provide nearby location recommendations and directions.";
				INFOPLIST_KEY_NSLocationUsageDescription = "Location is needed to provide nearby results and directions.";
				INFOPLIST_KEY_NSLocationWhenInUseUsageDescription = "We use your location to show nearby pharmacies and wellness centers.";
				INFOPLIST_KEY_UIApplicationSceneManifest_Generation = YES;
				INFOPLIST_KEY_UIApplicationSupportsIndirectInputEvents = YES;
				INFOPLIST_KEY_UILaunchScreen_Generation = YES;
				INFOPLIST_KEY_UISupportedInterfaceOrientations_iPad = "UIInterfaceOrientationPortrait UIInterfaceOrientationPortraitUpsideDown UIInterfaceOrientationLandscapeLeft UIInterfaceOrientationLandscapeRight";
				INFOPLIST_KEY_UISupportedInterfaceOrientations_iPhone = "UIInterfaceOrientationPortrait UIInterfaceOrientationLandscapeLeft UIInterfaceOrientationLandscapeRight";
				LD_RUNPATH_SEARCH_PATHS = (
					"$(inherited)",
					"@executable_path/Frameworks",
				);
				MARKETING_VERSION = 1.0;
				PRODUCT_BUNDLE_IDENTIFIER = Hizbullah.TrackMed;
				PRODUCT_NAME = "$(TARGET_NAME)";
				SWIFT_EMIT_LOC_STRINGS = YES;
				SWIFT_VERSION = 5.0;
				TARGETED_DEVICE_FAMILY = "1,2";
			};
			name = Debug;
		};
		D6FE7CB92DB4DAC60043F099 /* Release */ = {
			isa = XCBuildConfiguration;
			buildSettings = {
				ASSETCATALOG_COMPILER_APPICON_NAME = AppIcon;
				ASSETCATALOG_COMPILER_GLOBAL_ACCENT_COLOR_NAME = AccentColor;
				CODE_SIGN_ENTITLEMENTS = TrackMed/TrackMed.entitlements;
				CODE_SIGN_STYLE = Automatic;
				CURRENT_PROJECT_VERSION = 1;
				DEVELOPMENT_ASSET_PATHS = "\"TrackMed/Preview Content\"";
				ENABLE_PREVIEWS = YES;
				GENERATE_INFOPLIST_FILE = YES;
				INFOPLIST_FILE = TrackMed/Info.plist;
				INFOPLIST_KEY_CFBundleDisplayName = "";
				INFOPLIST_KEY_LSApplicationCategoryType = "";
				INFOPLIST_KEY_NSFaceIDUsageDescription = "We use Face ID to securely unlock your app data.";
				INFOPLIST_KEY_NSLocationAlwaysAndWhenInUseUsageDescription = "This allows us to provide nearby location recommendations and directions.";
				INFOPLIST_KEY_NSLocationUsageDescription = "Location is needed to provide nearby results and directions.";
				INFOPLIST_KEY_NSLocationWhenInUseUsageDescription = "We use your location to show nearby pharmacies and wellness centers.";
				INFOPLIST_KEY_UIApplicationSceneManifest_Generation = YES;
				INFOPLIST_KEY_UIApplicationSupportsIndirectInputEvents = YES;
				INFOPLIST_KEY_UILaunchScreen_Generation = YES;
				INFOPLIST_KEY_UISupportedInterfaceOrientations_iPad = "UIInterfaceOrientationPortrait UIInterfaceOrientationPortraitUpsideDown UIInterfaceOrientationLandscapeLeft UIInterfaceOrientationLandscapeRight";
				INFOPLIST_KEY_UISupportedInterfaceOrientations_iPhone = "UIInterfaceOrientationPortrait UIInterfaceOrientationLandscapeLeft UIInterfaceOrientationLandscapeRight";
				LD_RUNPATH_SEARCH_PATHS = (
					"$(inherited)",
					"@executable_path/Frameworks",
				);
				MARKETING_VERSION = 1.0;
				PRODUCT_BUNDLE_IDENTIFIER = Hizbullah.TrackMed;
				PRODUCT_NAME = "$(TARGET_NAME)";
				SWIFT_EMIT_LOC_STRINGS = YES;
				SWIFT_VERSION = 5.0;
				TARGETED_DEVICE_FAMILY = "1,2";
			};
			name = Release;
		};
		D6FE7CBB2DB4DAC60043F099 /* Debug */ = {
			isa = XCBuildConfiguration;
			buildSettings = {
				BUNDLE_LOADER = "$(TEST_HOST)";
				CODE_SIGN_STYLE = Automatic;
				CURRENT_PROJECT_VERSION = 1;
				GENERATE_INFOPLIST_FILE = YES;
				IPHONEOS_DEPLOYMENT_TARGET = 18.2;
				MARKETING_VERSION = 1.0;
				PRODUCT_BUNDLE_IDENTIFIER = Hizbullah.TrackMedTests;
				PRODUCT_NAME = "$(TARGET_NAME)";
				SWIFT_EMIT_LOC_STRINGS = NO;
				SWIFT_VERSION = 5.0;
				TARGETED_DEVICE_FAMILY = "1,2";
				TEST_HOST = "$(BUILT_PRODUCTS_DIR)/TrackMed.app/$(BUNDLE_EXECUTABLE_FOLDER_PATH)/TrackMed";
			};
			name = Debug;
		};
		D6FE7CBC2DB4DAC60043F099 /* Release */ = {
			isa = XCBuildConfiguration;
			buildSettings = {
				BUNDLE_LOADER = "$(TEST_HOST)";
				CODE_SIGN_STYLE = Automatic;
				CURRENT_PROJECT_VERSION = 1;
				GENERATE_INFOPLIST_FILE = YES;
				IPHONEOS_DEPLOYMENT_TARGET = 18.2;
				MARKETING_VERSION = 1.0;
				PRODUCT_BUNDLE_IDENTIFIER = Hizbullah.TrackMedTests;
				PRODUCT_NAME = "$(TARGET_NAME)";
				SWIFT_EMIT_LOC_STRINGS = NO;
				SWIFT_VERSION = 5.0;
				TARGETED_DEVICE_FAMILY = "1,2";
				TEST_HOST = "$(BUILT_PRODUCTS_DIR)/TrackMed.app/$(BUNDLE_EXECUTABLE_FOLDER_PATH)/TrackMed";
			};
			name = Release;
		};
		D6FE7CBE2DB4DAC60043F099 /* Debug */ = {
			isa = XCBuildConfiguration;
			buildSettings = {
				CODE_SIGN_STYLE = Automatic;
				CURRENT_PROJECT_VERSION = 1;
				GENERATE_INFOPLIST_FILE = YES;
				MARKETING_VERSION = 1.0;
				PRODUCT_BUNDLE_IDENTIFIER = Hizbullah.TrackMedUITests;
				PRODUCT_NAME = "$(TARGET_NAME)";
				SWIFT_EMIT_LOC_STRINGS = NO;
				SWIFT_VERSION = 5.0;
				TARGETED_DEVICE_FAMILY = "1,2";
				TEST_TARGET_NAME = TrackMed;
			};
			name = Debug;
		};
		D6FE7CBF2DB4DAC60043F099 /* Release */ = {
			isa = XCBuildConfiguration;
			buildSettings = {
				CODE_SIGN_STYLE = Automatic;
				CURRENT_PROJECT_VERSION = 1;
				GENERATE_INFOPLIST_FILE = YES;
				MARKETING_VERSION = 1.0;
				PRODUCT_BUNDLE_IDENTIFIER = Hizbullah.TrackMedUITests;
				PRODUCT_NAME = "$(TARGET_NAME)";
				SWIFT_EMIT_LOC_STRINGS = NO;
				SWIFT_VERSION = 5.0;
				TARGETED_DEVICE_FAMILY = "1,2";
				TEST_TARGET_NAME = TrackMed;
			};
			name = Release;
		};
/* End XCBuildConfiguration section */

/* Begin XCConfigurationList section */
		D6FE7C8E2DB4DAC50043F099 /* Build configuration list for PBXProject "TrackMed" */ = {
			isa = XCConfigurationList;
			buildConfigurations = (
				D6FE7CB52DB4DAC60043F099 /* Debug */,
				D6FE7CB62DB4DAC60043F099 /* Release */,
			);
			defaultConfigurationIsVisible = 0;
			defaultConfigurationName = Release;
		};
		D6FE7CB72DB4DAC60043F099 /* Build configuration list for PBXNativeTarget "TrackMed" */ = {
			isa = XCConfigurationList;
			buildConfigurations = (
				D6FE7CB82DB4DAC60043F099 /* Debug */,
				D6FE7CB92DB4DAC60043F099 /* Release */,
			);
			defaultConfigurationIsVisible = 0;
			defaultConfigurationName = Release;
		};
		D6FE7CBA2DB4DAC60043F099 /* Build configuration list for PBXNativeTarget "TrackMedTests" */ = {
			isa = XCConfigurationList;
			buildConfigurations = (
				D6FE7CBB2DB4DAC60043F099 /* Debug */,
				D6FE7CBC2DB4DAC60043F099 /* Release */,
			);
			defaultConfigurationIsVisible = 0;
			defaultConfigurationName = Release;
		};
		D6FE7CBD2DB4DAC60043F099 /* Build configuration list for PBXNativeTarget "TrackMedUITests" */ = {
			isa = XCConfigurationList;
			buildConfigurations = (
				D6FE7CBE2DB4DAC60043F099 /* Debug */,
				D6FE7CBF2DB4DAC60043F099 /* Release */,
			);
			defaultConfigurationIsVisible = 0;
			defaultConfigurationName = Release;
		};
/* End XCConfigurationList section */

/* Begin XCRemoteSwiftPackageReference section */
		D6FE7CC62DB4E0640043F099 /* XCRemoteSwiftPackageReference "firebase-ios-sdk" */ = {
			isa = XCRemoteSwiftPackageReference;
			repositoryURL = "https://github.com/firebase/firebase-ios-sdk";
			requirement = {
				kind = upToNextMajorVersion;
				minimumVersion = 11.11.0;
			};
		};
/* End XCRemoteSwiftPackageReference section */

/* Begin XCSwiftPackageProductDependency section */
		D6FE7D372DB4EECD0043F099 /* FirebaseAnalytics */ = {
			isa = XCSwiftPackageProductDependency;
			package = D6FE7CC62DB4E0640043F099 /* XCRemoteSwiftPackageReference "firebase-ios-sdk" */;
			productName = FirebaseAnalytics;
		};
		D6FE7D392DB4EECD0043F099 /* FirebaseAnalyticsOnDeviceConversion */ = {
			isa = XCSwiftPackageProductDependency;
			package = D6FE7CC62DB4E0640043F099 /* XCRemoteSwiftPackageReference "firebase-ios-sdk" */;
			productName = FirebaseAnalyticsOnDeviceConversion;
		};
		D6FE7D3B2DB4EECD0043F099 /* FirebaseAnalyticsWithoutAdIdSupport */ = {
			isa = XCSwiftPackageProductDependency;
			package = D6FE7CC62DB4E0640043F099 /* XCRemoteSwiftPackageReference "firebase-ios-sdk" */;
			productName = FirebaseAnalyticsWithoutAdIdSupport;
		};
		D6FE7D3D2DB4EECD0043F099 /* FirebaseAppCheck */ = {
			isa = XCSwiftPackageProductDependency;
			package = D6FE7CC62DB4E0640043F099 /* XCRemoteSwiftPackageReference "firebase-ios-sdk" */;
			productName = FirebaseAppCheck;
		};
		D6FE7D3F2DB4EECD0043F099 /* FirebaseAppDistribution-Beta */ = {
			isa = XCSwiftPackageProductDependency;
			package = D6FE7CC62DB4E0640043F099 /* XCRemoteSwiftPackageReference "firebase-ios-sdk" */;
			productName = "FirebaseAppDistribution-Beta";
		};
		D6FE7D412DB4EECD0043F099 /* FirebaseAuth */ = {
			isa = XCSwiftPackageProductDependency;
			package = D6FE7CC62DB4E0640043F099 /* XCRemoteSwiftPackageReference "firebase-ios-sdk" */;
			productName = FirebaseAuth;
		};
		D6FE7D432DB4EECD0043F099 /* FirebaseAuthCombine-Community */ = {
			isa = XCSwiftPackageProductDependency;
			package = D6FE7CC62DB4E0640043F099 /* XCRemoteSwiftPackageReference "firebase-ios-sdk" */;
			productName = "FirebaseAuthCombine-Community";
		};
		D6FE7D452DB4EECD0043F099 /* FirebaseCore */ = {
			isa = XCSwiftPackageProductDependency;
			package = D6FE7CC62DB4E0640043F099 /* XCRemoteSwiftPackageReference "firebase-ios-sdk" */;
			productName = FirebaseCore;
		};
		D6FE7D472DB4EECD0043F099 /* FirebaseCrashlytics */ = {
			isa = XCSwiftPackageProductDependency;
			package = D6FE7CC62DB4E0640043F099 /* XCRemoteSwiftPackageReference "firebase-ios-sdk" */;
			productName = FirebaseCrashlytics;
		};
		D6FE7D492DB4EECD0043F099 /* FirebaseDatabase */ = {
			isa = XCSwiftPackageProductDependency;
			package = D6FE7CC62DB4E0640043F099 /* XCRemoteSwiftPackageReference "firebase-ios-sdk" */;
			productName = FirebaseDatabase;
		};
		D6FE7D4B2DB4EECD0043F099 /* FirebaseDynamicLinks */ = {
			isa = XCSwiftPackageProductDependency;
			package = D6FE7CC62DB4E0640043F099 /* XCRemoteSwiftPackageReference "firebase-ios-sdk" */;
			productName = FirebaseDynamicLinks;
		};
		D6FE7D4D2DB4EECD0043F099 /* FirebaseFirestore */ = {
			isa = XCSwiftPackageProductDependency;
			package = D6FE7CC62DB4E0640043F099 /* XCRemoteSwiftPackageReference "firebase-ios-sdk" */;
			productName = FirebaseFirestore;
		};
		D6FE7D4F2DB4EECD0043F099 /* FirebaseFirestoreCombine-Community */ = {
			isa = XCSwiftPackageProductDependency;
			package = D6FE7CC62DB4E0640043F099 /* XCRemoteSwiftPackageReference "firebase-ios-sdk" */;
			productName = "FirebaseFirestoreCombine-Community";
		};
		D6FE7D512DB4EECD0043F099 /* FirebaseFunctions */ = {
			isa = XCSwiftPackageProductDependency;
			package = D6FE7CC62DB4E0640043F099 /* XCRemoteSwiftPackageReference "firebase-ios-sdk" */;
			productName = FirebaseFunctions;
		};
		D6FE7D532DB4EECD0043F099 /* FirebaseFunctionsCombine-Community */ = {
			isa = XCSwiftPackageProductDependency;
			package = D6FE7CC62DB4E0640043F099 /* XCRemoteSwiftPackageReference "firebase-ios-sdk" */;
			productName = "FirebaseFunctionsCombine-Community";
		};
		D6FE7D552DB4EECD0043F099 /* FirebaseInAppMessaging-Beta */ = {
			isa = XCSwiftPackageProductDependency;
			package = D6FE7CC62DB4E0640043F099 /* XCRemoteSwiftPackageReference "firebase-ios-sdk" */;
			productName = "FirebaseInAppMessaging-Beta";
		};
		D6FE7D572DB4EECD0043F099 /* FirebaseInstallations */ = {
			isa = XCSwiftPackageProductDependency;
			package = D6FE7CC62DB4E0640043F099 /* XCRemoteSwiftPackageReference "firebase-ios-sdk" */;
			productName = FirebaseInstallations;
		};
		D6FE7D592DB4EECD0043F099 /* FirebaseMLModelDownloader */ = {
			isa = XCSwiftPackageProductDependency;
			package = D6FE7CC62DB4E0640043F099 /* XCRemoteSwiftPackageReference "firebase-ios-sdk" */;
			productName = FirebaseMLModelDownloader;
		};
		D6FE7D5B2DB4EECD0043F099 /* FirebaseMessaging */ = {
			isa = XCSwiftPackageProductDependency;
			package = D6FE7CC62DB4E0640043F099 /* XCRemoteSwiftPackageReference "firebase-ios-sdk" */;
			productName = FirebaseMessaging;
		};
		D6FE7D5D2DB4EECD0043F099 /* FirebasePerformance */ = {
			isa = XCSwiftPackageProductDependency;
			package = D6FE7CC62DB4E0640043F099 /* XCRemoteSwiftPackageReference "firebase-ios-sdk" */;
			productName = FirebasePerformance;
		};
		D6FE7D5F2DB4EECD0043F099 /* FirebaseRemoteConfig */ = {
			isa = XCSwiftPackageProductDependency;
			package = D6FE7CC62DB4E0640043F099 /* XCRemoteSwiftPackageReference "firebase-ios-sdk" */;
			productName = FirebaseRemoteConfig;
		};
		D6FE7D612DB4EECD0043F099 /* FirebaseStorage */ = {
			isa = XCSwiftPackageProductDependency;
			package = D6FE7CC62DB4E0640043F099 /* XCRemoteSwiftPackageReference "firebase-ios-sdk" */;
			productName = FirebaseStorage;
		};
		D6FE7D632DB4EECD0043F099 /* FirebaseStorageCombine-Community */ = {
			isa = XCSwiftPackageProductDependency;
			package = D6FE7CC62DB4E0640043F099 /* XCRemoteSwiftPackageReference "firebase-ios-sdk" */;
			productName = "FirebaseStorageCombine-Community";
		};
		D6FE7D652DB4EECD0043F099 /* FirebaseVertexAI */ = {
			isa = XCSwiftPackageProductDependency;
			package = D6FE7CC62DB4E0640043F099 /* XCRemoteSwiftPackageReference "firebase-ios-sdk" */;
			productName = FirebaseVertexAI;
		};
/* End XCSwiftPackageProductDependency section */
	};
	rootObject = D6FE7C8B2DB4DAC50043F099 /* Project object */;
}
